{
  "pins" : [
    {
      "identity" : "realm-core",
      "kind" : "remoteSourceControl",
      "location" : "https://github.com/realm/realm-core",
      "state" : {
        "revision" : "e9eec444d13ebebc062202407e79b9833428a24e",
        "version" : "11.11.0"
      }
    },
    {
      "identity" : "realm-swift",
      "kind" : "remoteSourceControl",
      "location" : "https://github.com/realm/realm-swift.git",
      "state" : {
        "branch" : "master",
        "revision" : "5811dc8ab3152206062e00d5a2b53e601c78e987"
      }
    }
  ],
  "version" : 2
}
